
Microsoft Visual Studio Solution File, Format Version 12.00
# Visual Studio Version 17
VisualStudioVersion = 17.2.32602.215
MinimumVisualStudioVersion = 10.0.40219.1
Project("{FAE04EC0-301F-11D3-BF4B-00C04F79EFBC}") = "CS_Basics_Week1", "CS_Basics_Week1\CS_Basics_Week1.csproj", "{1F1AC170-0CAD-417E-BE80-EC1B8DCC5254}"
EndProject
Global
	GlobalSection(SolutionConfigurationPlatforms) = preSolution
		Debug|Any CPU = Debug|Any CPU
		Release|Any CPU = Release|Any CPU
	EndGlobalSection
	GlobalSection(ProjectConfigurationPlatforms) = postSolution
		{1F1AC170-0CAD-417E-BE80-EC1B8DCC5254}.Debug|Any CPU.ActiveCfg = Debug|Any CPU
		{1F1AC170-0CAD-417E-BE80-EC1B8DCC5254}.Debug|Any CPU.Build.0 = Debug|Any CPU
		{1F1AC170-0CAD-417E-BE80-EC1B8DCC5254}.Release|Any CPU.ActiveCfg = Release|Any CPU
		{1F1AC170-0CAD-417E-BE80-EC1B8DCC5254}.Release|Any CPU.Build.0 = Release|Any CPU
	EndGlobalSection
	GlobalSection(SolutionProperties) = preSolution
		HideSolutionNode = FALSE
	EndGlobalSection
	GlobalSection(ExtensibilityGlobals) = postSolution
		SolutionGuid = {6D936F20-B256-48AD-A5A5-749DF8D530D4}
	EndGlobalSection
EndGlobal
